
Microsoft Visual Studio Solution File, Format Version 12.00
# Visual Studio 15
VisualStudioVersion = 15.0.26124.0
MinimumVisualStudioVersion = 15.0.26124.0
Project("{FAE04EC0-301F-11D3-BF4B-00C04F79EFBC}") = "ControleDeEstoqueDDD.Domain", "ControleDeEstoqueDDD.Domain\ControleDeEstoqueDDD.Domain.csproj", "{9A099D3E-3958-4AF2-9A5A-1D26B9523F20}"
EndProject
Project("{FAE04EC0-301F-11D3-BF4B-00C04F79EFBC}") = "ControleDeEstoqueDDD.Application", "ControleDeEstoqueDDD.Application\ControleDeEstoqueDDD.Application.csproj", "{0C8ED4D8-35CF-4800-891F-E6C7079D2A14}"
EndProject
Project("{FAE04EC0-301F-11D3-BF4B-00C04F79EFBC}") = "ControleDeEstoqueDDD.Infra.Data", "ControleDeEstoqueDDD.Infra.Data\ControleDeEstoqueDDD.Infra.Data.csproj", "{9B8C0899-E1F0-452C-962B-90FE02D3C489}"
EndProject
Project("{FAE04EC0-301F-11D3-BF4B-00C04F79EFBC}") = "ControleDeEstoqueDDD.Infra.CrossCutting", "ControleDeEstoqueDDD.Infra.CrossCutting\ControleDeEstoqueDDD.Infra.CrossCutting.csproj", "{8A80264A-6218-4670-9881-66FA8FB8443D}"
EndProject
Project("{FAE04EC0-301F-11D3-BF4B-00C04F79EFBC}") = "ControleEdEstoqueDDD.Web", "ControleEdEstoqueDDD.Web\ControleEdEstoqueDDD.Web.csproj", "{DDBB15F1-DB96-471A-8445-8B63A10577C6}"
EndProject
Global
	GlobalSection(SolutionConfigurationPlatforms) = preSolution
		Debug|Any CPU = Debug|Any CPU
		Debug|x64 = Debug|x64
		Debug|x86 = Debug|x86
		Release|Any CPU = Release|Any CPU
		Release|x64 = Release|x64
		Release|x86 = Release|x86
	EndGlobalSection
	GlobalSection(SolutionProperties) = preSolution
		HideSolutionNode = FALSE
	EndGlobalSection
	GlobalSection(ProjectConfigurationPlatforms) = postSolution
		{9A099D3E-3958-4AF2-9A5A-1D26B9523F20}.Debug|Any CPU.ActiveCfg = Debug|Any CPU
		{9A099D3E-3958-4AF2-9A5A-1D26B9523F20}.Debug|Any CPU.Build.0 = Debug|Any CPU
		{9A099D3E-3958-4AF2-9A5A-1D26B9523F20}.Debug|x64.ActiveCfg = Debug|Any CPU
		{9A099D3E-3958-4AF2-9A5A-1D26B9523F20}.Debug|x64.Build.0 = Debug|Any CPU
		{9A099D3E-3958-4AF2-9A5A-1D26B9523F20}.Debug|x86.ActiveCfg = Debug|Any CPU
		{9A099D3E-3958-4AF2-9A5A-1D26B9523F20}.Debug|x86.Build.0 = Debug|Any CPU
		{9A099D3E-3958-4AF2-9A5A-1D26B9523F20}.Release|Any CPU.ActiveCfg = Release|Any CPU
		{9A099D3E-3958-4AF2-9A5A-1D26B9523F20}.Release|Any CPU.Build.0 = Release|Any CPU
		{9A099D3E-3958-4AF2-9A5A-1D26B9523F20}.Release|x64.ActiveCfg = Release|Any CPU
		{9A099D3E-3958-4AF2-9A5A-1D26B9523F20}.Release|x64.Build.0 = Release|Any CPU
		{9A099D3E-3958-4AF2-9A5A-1D26B9523F20}.Release|x86.ActiveCfg = Release|Any CPU
		{9A099D3E-3958-4AF2-9A5A-1D26B9523F20}.Release|x86.Build.0 = Release|Any CPU
		{0C8ED4D8-35CF-4800-891F-E6C7079D2A14}.Debug|Any CPU.ActiveCfg = Debug|Any CPU
		{0C8ED4D8-35CF-4800-891F-E6C7079D2A14}.Debug|Any CPU.Build.0 = Debug|Any CPU
		{0C8ED4D8-35CF-4800-891F-E6C7079D2A14}.Debug|x64.ActiveCfg = Debug|Any CPU
		{0C8ED4D8-35CF-4800-891F-E6C7079D2A14}.Debug|x64.Build.0 = Debug|Any CPU
		{0C8ED4D8-35CF-4800-891F-E6C7079D2A14}.Debug|x86.ActiveCfg = Debug|Any CPU
		{0C8ED4D8-35CF-4800-891F-E6C7079D2A14}.Debug|x86.Build.0 = Debug|Any CPU
		{0C8ED4D8-35CF-4800-891F-E6C7079D2A14}.Release|Any CPU.ActiveCfg = Release|Any CPU
		{0C8ED4D8-35CF-4800-891F-E6C7079D2A14}.Release|Any CPU.Build.0 = Release|Any CPU
		{0C8ED4D8-35CF-4800-891F-E6C7079D2A14}.Release|x64.ActiveCfg = Release|Any CPU
		{0C8ED4D8-35CF-4800-891F-E6C7079D2A14}.Release|x64.Build.0 = Release|Any CPU
		{0C8ED4D8-35CF-4800-891F-E6C7079D2A14}.Release|x86.ActiveCfg = Release|Any CPU
		{0C8ED4D8-35CF-4800-891F-E6C7079D2A14}.Release|x86.Build.0 = Release|Any CPU
		{9B8C0899-E1F0-452C-962B-90FE02D3C489}.Debug|Any CPU.ActiveCfg = Debug|Any CPU
		{9B8C0899-E1F0-452C-962B-90FE02D3C489}.Debug|Any CPU.Build.0 = Debug|Any CPU
		{9B8C0899-E1F0-452C-962B-90FE02D3C489}.Debug|x64.ActiveCfg = Debug|Any CPU
		{9B8C0899-E1F0-452C-962B-90FE02D3C489}.Debug|x64.Build.0 = Debug|Any CPU
		{9B8C0899-E1F0-452C-962B-90FE02D3C489}.Debug|x86.ActiveCfg = Debug|Any CPU
		{9B8C0899-E1F0-452C-962B-90FE02D3C489}.Debug|x86.Build.0 = Debug|Any CPU
		{9B8C0899-E1F0-452C-962B-90FE02D3C489}.Release|Any CPU.ActiveCfg = Release|Any CPU
		{9B8C0899-E1F0-452C-962B-90FE02D3C489}.Release|Any CPU.Build.0 = Release|Any CPU
		{9B8C0899-E1F0-452C-962B-90FE02D3C489}.Release|x64.ActiveCfg = Release|Any CPU
		{9B8C0899-E1F0-452C-962B-90FE02D3C489}.Release|x64.Build.0 = Release|Any CPU
		{9B8C0899-E1F0-452C-962B-90FE02D3C489}.Release|x86.ActiveCfg = Release|Any CPU
		{9B8C0899-E1F0-452C-962B-90FE02D3C489}.Release|x86.Build.0 = Release|Any CPU
		{8A80264A-6218-4670-9881-66FA8FB8443D}.Debug|Any CPU.ActiveCfg = Debug|Any CPU
		{8A80264A-6218-4670-9881-66FA8FB8443D}.Debug|Any CPU.Build.0 = Debug|Any CPU
		{8A80264A-6218-4670-9881-66FA8FB8443D}.Debug|x64.ActiveCfg = Debug|Any CPU
		{8A80264A-6218-4670-9881-66FA8FB8443D}.Debug|x64.Build.0 = Debug|Any CPU
		{8A80264A-6218-4670-9881-66FA8FB8443D}.Debug|x86.ActiveCfg = Debug|Any CPU
		{8A80264A-6218-4670-9881-66FA8FB8443D}.Debug|x86.Build.0 = Debug|Any CPU
		{8A80264A-6218-4670-9881-66FA8FB8443D}.Release|Any CPU.ActiveCfg = Release|Any CPU
		{8A80264A-6218-4670-9881-66FA8FB8443D}.Release|Any CPU.Build.0 = Release|Any CPU
		{8A80264A-6218-4670-9881-66FA8FB8443D}.Release|x64.ActiveCfg = Release|Any CPU
		{8A80264A-6218-4670-9881-66FA8FB8443D}.Release|x64.Build.0 = Release|Any CPU
		{8A80264A-6218-4670-9881-66FA8FB8443D}.Release|x86.ActiveCfg = Release|Any CPU
		{8A80264A-6218-4670-9881-66FA8FB8443D}.Release|x86.Build.0 = Release|Any CPU
		{DDBB15F1-DB96-471A-8445-8B63A10577C6}.Debug|Any CPU.ActiveCfg = Debug|Any CPU
		{DDBB15F1-DB96-471A-8445-8B63A10577C6}.Debug|Any CPU.Build.0 = Debug|Any CPU
		{DDBB15F1-DB96-471A-8445-8B63A10577C6}.Debug|x64.ActiveCfg = Debug|Any CPU
		{DDBB15F1-DB96-471A-8445-8B63A10577C6}.Debug|x64.Build.0 = Debug|Any CPU
		{DDBB15F1-DB96-471A-8445-8B63A10577C6}.Debug|x86.ActiveCfg = Debug|Any CPU
		{DDBB15F1-DB96-471A-8445-8B63A10577C6}.Debug|x86.Build.0 = Debug|Any CPU
		{DDBB15F1-DB96-471A-8445-8B63A10577C6}.Release|Any CPU.ActiveCfg = Release|Any CPU
		{DDBB15F1-DB96-471A-8445-8B63A10577C6}.Release|Any CPU.Build.0 = Release|Any CPU
		{DDBB15F1-DB96-471A-8445-8B63A10577C6}.Release|x64.ActiveCfg = Release|Any CPU
		{DDBB15F1-DB96-471A-8445-8B63A10577C6}.Release|x64.Build.0 = Release|Any CPU
		{DDBB15F1-DB96-471A-8445-8B63A10577C6}.Release|x86.ActiveCfg = Release|Any CPU
		{DDBB15F1-DB96-471A-8445-8B63A10577C6}.Release|x86.Build.0 = Release|Any CPU
	EndGlobalSection
EndGlobal
